# THIS IS AN AUTOGENERATED FILE. DO NOT EDIT THIS FILE DIRECTLY.
# yarn lockfile v1


"@colors/colors@1.5.0":
  version "1.5.0"

"@socket.io/component-emitter@~3.1.0":
  version "3.1.2"

"@types/cors@^2.8.12":
  version "2.8.19"
  dependencies:
    "@types/node" "*"

"@types/node@*", "@types/node@>=10.0.0":
  version "24.10.1"
  dependencies:
    undici-types "~7.16.0"

accepts@~1.3.4:
  version "1.3.8"
  dependencies:
    mime-types "~2.1.34"
    negotiator "0.6.3"

acorn-node@^1.2.0, acorn-node@^1.3.0, acorn-node@^1.5.2, acorn-node@^1.8.2:
  version "1.8.2"
  dependencies:
    acorn "^7.0.0"
    acorn-walk "^7.0.0"
    xtend "^4.0.2"

acorn-walk@^7.0.0:
  version "7.2.0"

acorn@^7.0.0, acorn@^7.1.1:
  version "7.4.1"

aliasify@^2.1.0:
  version "2.1.0"
  dependencies:
    browserify-transform-tools "~1.7.0"

ansi-regex@^5.0.1:
  version "5.0.1"

ansi-styles@^4.0.0:
  version "4.3.0"
  dependencies:
    color-convert "^2.0.1"

anymatch@^2.0.0:
  version "2.0.0"
  dependencies:
    micromatch "^3.1.4"
    normalize-path "^2.1.1"

anymatch@~3.1.2:
  version "3.1.3"
  dependencies:
    normalize-path "^3.0.0"
    picomatch "^2.0.4"

arr-diff@^4.0.0:
  version "4.0.0"

arr-flatten@^1.1.0:
  version "1.1.0"

arr-union@^3.1.0:
  version "3.1.0"

array-unique@^0.3.2:
  version "0.3.2"

asn1.js@^4.10.1:
  version "4.10.1"
  dependencies:
    bn.js "^4.0.0"
    inherits "^2.0.1"
    minimalistic-assert "^1.0.0"

assert@^1.4.0:
  version "1.5.1"
  dependencies:
    object.assign "^4.1.4"
    util "^0.10.4"

assign-symbols@^1.0.0:
  version "1.0.0"

async-each@^1.0.1:
  version "1.0.6"

async-function@^1.0.0:
  version "1.0.0"

async-generator-function@^1.0.0:
  version "1.0.0"

atob@^2.1.2:
  version "2.1.2"

available-typed-arrays@^1.0.7:
  version "1.0.7"
  dependencies:
    possible-typed-array-names "^1.0.0"

backbone@^1.6.1:
  version "1.6.1"
  dependencies:
    underscore ">=1.8.3"

balanced-match@^1.0.0:
  version "1.0.2"

base@^0.11.1:
  version "0.11.2"
  dependencies:
    cache-base "^1.0.1"
    class-utils "^0.3.5"
    component-emitter "^1.2.1"
    define-property "^1.0.0"
    isobject "^3.0.1"
    mixin-deep "^1.2.0"
    pascalcase "^0.1.1"

base64-js@^1.0.2:
  version "1.5.1"

base64id@~2.0.0, base64id@2.0.0:
  version "2.0.0"

binary-extensions@^1.0.0:
  version "1.13.1"

binary-extensions@^2.0.0:
  version "2.3.0"

bn.js@^4.0.0:
  version "4.12.2"

bn.js@^4.1.0:
  version "4.12.2"

bn.js@^4.11.9:
  version "4.12.2"

bn.js@^5.2.1, bn.js@^5.2.2:
  version "5.2.2"

body-parser@^1.19.0:
  version "1.20.4"
  dependencies:
    bytes "~3.1.2"
    content-type "~1.0.5"
    debug "2.6.9"
    depd "2.0.0"
    destroy "~1.2.0"
    http-errors "~2.0.1"
    iconv-lite "~0.4.24"
    on-finished "~2.4.1"
    qs "~6.14.0"
    raw-body "~2.5.3"
    type-is "~1.6.18"
    unpipe "~1.0.0"

brace-expansion@^1.1.7:
  version "1.1.12"
  dependencies:
    balanced-match "^1.0.0"
    concat-map "0.0.1"

braces@^2.3.1:
  version "2.3.2"
  dependencies:
    arr-flatten "^1.1.0"
    array-unique "^0.3.2"
    extend-shallow "^2.0.1"
    fill-range "^4.0.0"
    isobject "^3.0.1"
    repeat-element "^1.1.2"
    snapdragon "^0.8.1"
    snapdragon-node "^2.0.1"
    split-string "^3.0.2"
    to-regex "^3.0.1"

braces@^2.3.2:
  version "2.3.2"
  dependencies:
    arr-flatten "^1.1.0"
    array-unique "^0.3.2"
    extend-shallow "^2.0.1"
    fill-range "^4.0.0"
    isobject "^3.0.1"
    repeat-element "^1.1.2"
    snapdragon "^0.8.1"
    snapdragon-node "^2.0.1"
    split-string "^3.0.2"
    to-regex "^3.0.1"

braces@^3.0.2, braces@~3.0.2:
  version "3.0.3"
  dependencies:
    fill-range "^7.1.1"

brorand@^1.0.1, brorand@^1.1.0:
  version "1.1.0"

browser-pack@^6.0.1:
  version "6.1.0"
  dependencies:
    combine-source-map "~0.8.0"
    defined "^1.0.0"
    JSONStream "^1.0.3"
    safe-buffer "^5.1.1"
    through2 "^2.0.0"
    umd "^3.0.0"

browser-resolve@^2.0.0:
  version "2.0.0"
  dependencies:
    resolve "^1.17.0"

browserify-aes@^1.0.4, browserify-aes@^1.2.0:
  version "1.2.0"
  dependencies:
    buffer-xor "^1.0.3"
    cipher-base "^1.0.0"
    create-hash "^1.1.0"
    evp_bytestokey "^1.0.3"
    inherits "^2.0.1"
    safe-buffer "^5.0.1"

browserify-cipher@^1.0.1:
  version "1.0.1"
  dependencies:
    browserify-aes "^1.0.4"
    browserify-des "^1.0.0"
    evp_bytestokey "^1.0.0"

browserify-des@^1.0.0:
  version "1.0.2"
  dependencies:
    cipher-base "^1.0.1"
    des.js "^1.0.0"
    inherits "^2.0.1"
    safe-buffer "^5.1.2"

browserify-rsa@^4.0.0, browserify-rsa@^4.1.1:
  version "4.1.1"
  dependencies:
    bn.js "^5.2.1"
    randombytes "^2.1.0"
    safe-buffer "^5.2.1"

browserify-sign@^4.2.3:
  version "4.2.5"
  dependencies:
    bn.js "^5.2.2"
    browserify-rsa "^4.1.1"
    create-hash "^1.2.0"
    create-hmac "^1.1.7"
    elliptic "^6.6.1"
    inherits "^2.0.4"
    parse-asn1 "^5.1.9"
    readable-stream "^2.3.8"
    safe-buffer "^5.2.1"

browserify-transform-tools@~1.7.0:
  version "1.7.0"
  dependencies:
    falafel "^2.0.0"
    through "^2.3.7"

browserify-zlib@~0.2.0:
  version "0.2.0"
  dependencies:
    pako "~1.0.5"

browserify@^16.1.0:
  version "16.5.2"
  dependencies:
    assert "^1.4.0"
    browser-pack "^6.0.1"
    browser-resolve "^2.0.0"
    browserify-zlib "~0.2.0"
    buffer "~5.2.1"
    cached-path-relative "^1.0.0"
    concat-stream "^1.6.0"
    console-browserify "^1.1.0"
    constants-browserify "~1.0.0"
    crypto-browserify "^3.0.0"
    defined "^1.0.0"
    deps-sort "^2.0.0"
    domain-browser "^1.2.0"
    duplexer2 "~0.1.2"
    events "^2.0.0"
    glob "^7.1.0"
    has "^1.0.0"
    htmlescape "^1.1.0"
    https-browserify "^1.0.0"
    inherits "~2.0.1"
    insert-module-globals "^7.0.0"
    JSONStream "^1.0.3"
    labeled-stream-splicer "^2.0.0"
    mkdirp-classic "^0.5.2"
    module-deps "^6.2.3"
    os-browserify "~0.3.0"
    parents "^1.0.1"
    path-browserify "~0.0.0"
    process "~0.11.0"
    punycode "^1.3.2"
    querystring-es3 "~0.2.0"
    read-only-stream "^2.0.0"
    readable-stream "^2.0.2"
    resolve "^1.1.4"
    shasum "^1.0.0"
    shell-quote "^1.6.1"
    stream-browserify "^2.0.0"
    stream-http "^3.0.0"
    string_decoder "^1.1.1"
    subarg "^1.0.0"
    syntax-error "^1.1.1"
    through2 "^2.0.0"
    timers-browserify "^1.0.1"
    tty-browserify "0.0.1"
    url "~0.11.0"
    util "~0.10.1"
    vm-browserify "^1.0.0"
    xtend "^4.0.0"

browserify@^17.0.0, "browserify@>=10 <18":
  version "17.0.1"
  dependencies:
    assert "^1.4.0"
    browser-pack "^6.0.1"
    browser-resolve "^2.0.0"
    browserify-zlib "~0.2.0"
    buffer "~5.2.1"
    cached-path-relative "^1.0.0"
    concat-stream "^1.6.0"
    console-browserify "^1.1.0"
    constants-browserify "~1.0.0"
    crypto-browserify "^3.0.0"
    defined "^1.0.0"
    deps-sort "^2.0.1"
    domain-browser "^1.2.0"
    duplexer2 "~0.1.2"
    events "^3.0.0"
    glob "^7.1.0"
    hasown "^2.0.0"
    htmlescape "^1.1.0"
    https-browserify "^1.0.0"
    inherits "~2.0.1"
    insert-module-globals "^7.2.1"
    JSONStream "^1.0.3"
    labeled-stream-splicer "^2.0.0"
    mkdirp-classic "^0.5.2"
    module-deps "^6.2.3"
    os-browserify "~0.3.0"
    parents "^1.0.1"
    path-browserify "^1.0.0"
    process "~0.11.0"
    punycode "^1.3.2"
    querystring-es3 "~0.2.0"
    read-only-stream "^2.0.0"
    readable-stream "^2.0.2"
    resolve "^1.1.4"
    shasum-object "^1.0.0"
    shell-quote "^1.6.1"
    stream-browserify "^3.0.0"
    stream-http "^3.0.0"
    string_decoder "^1.1.1"
    subarg "^1.0.0"
    syntax-error "^1.1.1"
    through2 "^2.0.0"
    timers-browserify "^1.0.1"
    tty-browserify "0.0.1"
    url "~0.11.0"
    util "~0.12.0"
    vm-browserify "^1.0.0"
    xtend "^4.0.0"

buffer-from@^1.0.0:
  version "1.1.2"

buffer-xor@^1.0.3:
  version "1.0.3"

buffer@~5.2.1:
  version "5.2.1"
  dependencies:
    base64-js "^1.0.2"
    ieee754 "^1.1.4"

builtin-status-codes@^3.0.0:
  version "3.0.0"

bytes@~3.1.2:
  version "3.1.2"

cache-base@^1.0.1:
  version "1.0.1"
  dependencies:
    collection-visit "^1.0.0"
    component-emitter "^1.2.1"
    get-value "^2.0.6"
    has-value "^1.0.0"
    isobject "^3.0.1"
    set-value "^2.0.0"
    to-object-path "^0.3.0"
    union-value "^1.0.0"
    unset-value "^1.0.0"

cached-path-relative@^1.0.0, cached-path-relative@^1.0.2:
  version "1.1.0"

call-bind-apply-helpers@^1.0.0, call-bind-apply-helpers@^1.0.1, call-bind-apply-helpers@^1.0.2:
  version "1.0.2"
  dependencies:
    es-errors "^1.3.0"
    function-bind "^1.1.2"

call-bind@^1.0.8:
  version "1.0.8"
  dependencies:
    call-bind-apply-helpers "^1.0.0"
    es-define-property "^1.0.0"
    get-intrinsic "^1.2.4"
    set-function-length "^1.2.2"

call-bound@^1.0.2, call-bound@^1.0.3, call-bound@^1.0.4:
  version "1.0.4"
  dependencies:
    call-bind-apply-helpers "^1.0.2"
    get-intrinsic "^1.3.0"

chokidar@^2.1.1:
  version "2.1.8"
  dependencies:
    anymatch "^2.0.0"
    async-each "^1.0.1"
    braces "^2.3.2"
    glob-parent "^3.1.0"
    inherits "^2.0.3"
    is-binary-path "^1.0.0"
    is-glob "^4.0.0"
    normalize-path "^3.0.0"
    path-is-absolute "^1.0.0"
    readdirp "^2.2.1"
    upath "^1.1.1"
  optionalDependencies:
    fsevents "^1.2.7"

chokidar@^3.5.1:
  version "3.6.0"
  dependencies:
    anymatch "~3.1.2"
    braces "~3.0.2"
    glob-parent "~5.1.2"
    is-binary-path "~2.1.0"
    is-glob "~4.0.1"
    normalize-path "~3.0.0"
    readdirp "~3.6.0"
  optionalDependencies:
    fsevents "~2.3.2"

cipher-base@^1.0.0, cipher-base@^1.0.1, cipher-base@^1.0.3:
  version "1.0.7"
  dependencies:
    inherits "^2.0.4"
    safe-buffer "^5.2.1"
    to-buffer "^1.2.2"

class-utils@^0.3.5:
  version "0.3.6"
  dependencies:
    arr-union "^3.1.0"
    define-property "^0.2.5"
    isobject "^3.0.0"
    static-extend "^0.1.1"

cliui@^7.0.2:
  version "7.0.4"
  dependencies:
    string-width "^4.2.0"
    strip-ansi "^6.0.0"
    wrap-ansi "^7.0.0"

collection-visit@^1.0.0:
  version "1.0.0"
  dependencies:
    map-visit "^1.0.0"
    object-visit "^1.0.0"

color-convert@^2.0.1:
  version "2.0.1"
  dependencies:
    color-name "~1.1.4"

color-name@~1.1.4:
  version "1.1.4"

combine-source-map@^0.8.0, combine-source-map@~0.8.0:
  version "0.8.0"
  dependencies:
    convert-source-map "~1.1.0"
    inline-source-map "~0.6.0"
    lodash.memoize "~3.0.3"
    source-map "~0.5.3"

commander@7.2.0:
  version "7.2.0"
  resolved "https://registry.npmjs.org/commander/-/commander-7.2.0.tgz"
  integrity sha512-QrWXB+ZQSVPmIWIhtEO9H+gwHaMGYiF5ChvoJ+K9ZGHG/sVsa6yiesAD1GC/x46sET00Xlwo1u49RVVVzvcSkw==

component-emitter@^1.2.1:
  version "1.3.1"

concat-map@0.0.1:
  version "0.0.1"

concat-stream@^1.6.0, concat-stream@^1.6.1, concat-stream@~1.6.0:
  version "1.6.2"
  dependencies:
    buffer-from "^1.0.0"
    inherits "^2.0.3"
    readable-stream "^2.2.2"
    typedarray "^0.0.6"

connect@^3.7.0:
  version "3.7.0"
  dependencies:
    debug "2.6.9"
    finalhandler "1.1.2"
    parseurl "~1.3.3"
    utils-merge "1.0.1"

console-browserify@^1.1.0:
  version "1.2.0"

constants-browserify@~1.0.0:
  version "1.0.0"

content-type@~1.0.5:
  version "1.0.5"

convert-source-map@^1.8.0:
  version "1.9.0"

convert-source-map@~1.1.0:
  version "1.1.3"

cookie@~0.7.2:
  version "0.7.2"

copy-descriptor@^0.1.0:
  version "0.1.1"

core-util-is@~1.0.0:
  version "1.0.3"

cors@~2.8.5:
  version "2.8.5"
  dependencies:
    object-assign "^4"
    vary "^1"

create-ecdh@^4.0.4:
  version "4.0.4"
  dependencies:
    bn.js "^4.1.0"
    elliptic "^6.5.3"

create-hash@^1.1.0, create-hash@^1.2.0:
  version "1.2.0"
  dependencies:
    cipher-base "^1.0.1"
    inherits "^2.0.1"
    md5.js "^1.3.4"
    ripemd160 "^2.0.1"
    sha.js "^2.4.0"

create-hmac@^1.1.7:
  version "1.1.7"
  dependencies:
    cipher-base "^1.0.3"
    create-hash "^1.1.0"
    inherits "^2.0.1"
    ripemd160 "^2.0.0"
    safe-buffer "^5.0.1"
    sha.js "^2.4.8"

crypto-browserify@^3.0.0:
  version "3.12.1"
  dependencies:
    browserify-cipher "^1.0.1"
    browserify-sign "^4.2.3"
    create-ecdh "^4.0.4"
    create-hash "^1.2.0"
    create-hmac "^1.1.7"
    diffie-hellman "^5.0.3"
    hash-base "~3.0.4"
    inherits "^2.0.4"
    pbkdf2 "^3.1.2"
    public-encrypt "^4.0.3"
    randombytes "^2.1.0"
    randomfill "^1.0.4"

custom-event@~1.0.0:
  version "1.0.1"

dash-ast@^1.0.0:
  version "1.0.0"

date-format@^4.0.14:
  version "4.0.14"

debug@^2.2.0, debug@^2.3.3, debug@2.6.9:
  version "2.6.9"
  dependencies:
    ms "2.0.0"

debug@^4.3.4:
  version "4.4.3"
  dependencies:
    ms "^2.1.3"

debug@~4.3.1:
  version "4.3.7"
  dependencies:
    ms "^2.1.3"

debug@~4.3.2:
  version "4.3.7"
  dependencies:
    ms "^2.1.3"

debug@~4.3.4:
  version "4.3.7"
  dependencies:
    ms "^2.1.3"

decode-uri-component@^0.2.0:
  version "0.2.2"

define-data-property@^1.0.1, define-data-property@^1.1.4:
  version "1.1.4"
  dependencies:
    es-define-property "^1.0.0"
    es-errors "^1.3.0"
    gopd "^1.0.1"

define-properties@^1.2.1:
  version "1.2.1"
  dependencies:
    define-data-property "^1.0.1"
    has-property-descriptors "^1.0.0"
    object-keys "^1.1.1"

define-property@^0.2.5:
  version "0.2.5"
  resolved "https://registry.npmjs.org/define-property/-/define-property-0.2.5.tgz"
  integrity sha512-Rr7ADjQZenceVOAKop6ALkkRAmH1A4Gx9hV/7ZujPUN2rkATqFO0JZLZInbAjpZYoJ1gUx8MRMQVkYemcbMSTA==
  dependencies:
    is-descriptor "^0.1.0"

define-property@^1.0.0:
  version "1.0.0"
  dependencies:
    is-descriptor "^1.0.0"

define-property@^2.0.2:
  version "2.0.2"
  dependencies:
    is-descriptor "^1.0.2"
    isobject "^3.0.1"

defined@^1.0.0:
  version "1.0.1"

depd@~2.0.0, depd@2.0.0:
  version "2.0.0"

deps-sort@^2.0.0, deps-sort@^2.0.1:
  version "2.0.1"
  dependencies:
    JSONStream "^1.0.3"
    shasum-object "^1.0.0"
    subarg "^1.0.0"
    through2 "^2.0.0"

des.js@^1.0.0:
  version "1.1.0"
  dependencies:
    inherits "^2.0.1"
    minimalistic-assert "^1.0.0"

destroy@~1.2.0:
  version "1.2.0"

detective@^5.2.0:
  version "5.2.1"
  dependencies:
    acorn-node "^1.8.2"
    defined "^1.0.0"
    minimist "^1.2.6"

di@^0.0.1:
  version "0.0.1"

diffie-hellman@^5.0.3:
  version "5.0.3"
  dependencies:
    bn.js "^4.1.0"
    miller-rabin "^4.0.0"
    randombytes "^2.0.0"

dom-serialize@^2.2.1:
  version "2.2.1"
  dependencies:
    custom-event "~1.0.0"
    ent "~2.2.0"
    extend "^3.0.0"
    void-elements "^2.0.0"

domain-browser@^1.2.0:
  version "1.2.0"

dunder-proto@^1.0.1:
  version "1.0.1"
  dependencies:
    call-bind-apply-helpers "^1.0.1"
    es-errors "^1.3.0"
    gopd "^1.2.0"

duplexer2@^0.1.2, duplexer2@~0.1.0, duplexer2@~0.1.2:
  version "0.1.4"
  dependencies:
    readable-stream "^2.0.2"

ee-first@1.1.1:
  version "1.1.1"

elliptic@^6.5.3, elliptic@^6.6.1:
  version "6.6.1"
  dependencies:
    bn.js "^4.11.9"
    brorand "^1.1.0"
    hash.js "^1.0.0"
    hmac-drbg "^1.0.1"
    inherits "^2.0.4"
    minimalistic-assert "^1.0.1"
    minimalistic-crypto-utils "^1.0.1"

emoji-regex@^8.0.0:
  version "8.0.0"

encodeurl@~1.0.2:
  version "1.0.2"

engine.io-parser@~5.2.1:
  version "5.2.3"

engine.io@~6.6.0:
  version "6.6.4"
  dependencies:
    "@types/cors" "^2.8.12"
    "@types/node" ">=10.0.0"
    accepts "~1.3.4"
    base64id "2.0.0"
    cookie "~0.7.2"
    cors "~2.8.5"
    debug "~4.3.1"
    engine.io-parser "~5.2.1"
    ws "~8.17.1"

ent@~2.2.0:
  version "2.2.2"
  dependencies:
    call-bound "^1.0.3"
    es-errors "^1.3.0"
    punycode "^1.4.1"
    safe-regex-test "^1.1.0"

es-define-property@^1.0.0, es-define-property@^1.0.1:
  version "1.0.1"

es-errors@^1.3.0:
  version "1.3.0"

es-object-atoms@^1.0.0, es-object-atoms@^1.1.1:
  version "1.1.1"
  dependencies:
    es-errors "^1.3.0"

escalade@^3.1.1:
  version "3.2.0"

escape-html@~1.0.3:
  version "1.0.3"

eventemitter3@^4.0.0:
  version "4.0.7"

events@^2.0.0:
  version "2.1.0"

events@^3.0.0:
  version "3.3.0"

evp_bytestokey@^1.0.0, evp_bytestokey@^1.0.3:
  version "1.0.3"
  dependencies:
    md5.js "^1.3.4"
    safe-buffer "^5.1.1"

expand-brackets@^2.1.4:
  version "2.1.4"
  dependencies:
    debug "^2.3.3"
    define-property "^0.2.5"
    extend-shallow "^2.0.1"
    posix-character-classes "^0.1.0"
    regex-not "^1.0.0"
    snapdragon "^0.8.1"
    to-regex "^3.0.1"

extend-shallow@^2.0.1:
  version "2.0.1"
  resolved "https://registry.npmjs.org/extend-shallow/-/extend-shallow-2.0.1.tgz"
  integrity sha512-zCnTtlxNoAiDc3gqY2aYAWFx7XWWiasuF2K8Me5WbN8otHKTUKBwjPtNpRs/rbUZm7KxWAaNj7P1a/p52GbVug==
  dependencies:
    is-extendable "^0.1.0"

extend-shallow@^3.0.0, extend-shallow@^3.0.2:
  version "3.0.2"
  dependencies:
    assign-symbols "^1.0.0"
    is-extendable "^1.0.1"

extend@^3.0.0:
  version "3.0.2"

extglob@^2.0.4:
  version "2.0.4"
  dependencies:
    array-unique "^0.3.2"
    define-property "^1.0.0"
    expand-brackets "^2.1.4"
    extend-shallow "^2.0.1"
    fragment-cache "^0.2.1"
    regex-not "^1.0.0"
    snapdragon "^0.8.1"
    to-regex "^3.0.1"

falafel@^2.0.0:
  version "2.2.5"
  dependencies:
    acorn "^7.1.1"
    isarray "^2.0.1"

fast-safe-stringify@^2.0.7:
  version "2.1.1"

fill-range@^4.0.0:
  version "4.0.0"
  dependencies:
    extend-shallow "^2.0.1"
    is-number "^3.0.0"
    repeat-string "^1.6.1"
    to-regex-range "^2.1.0"

fill-range@^7.1.1:
  version "7.1.1"
  dependencies:
    to-regex-range "^5.0.1"

finalhandler@1.1.2:
  version "1.1.2"
  dependencies:
    debug "2.6.9"
    encodeurl "~1.0.2"
    escape-html "~1.0.3"
    on-finished "~2.3.0"
    parseurl "~1.3.3"
    statuses "~1.5.0"
    unpipe "~1.0.0"

flatted@^3.2.7:
  version "3.3.3"

follow-redirects@^1.0.0:
  version "1.15.11"

for-each@^0.3.5:
  version "0.3.5"
  dependencies:
    is-callable "^1.2.7"

for-in@^1.0.2:
  version "1.0.2"

fragment-cache@^0.2.1:
  version "0.2.1"
  dependencies:
    map-cache "^0.2.2"

fs-extra@^8.1.0:
  version "8.1.0"
  dependencies:
    graceful-fs "^4.2.0"
    jsonfile "^4.0.0"
    universalify "^0.1.0"

fs.realpath@^1.0.0:
  version "1.0.0"

function-bind@^1.1.2:
  version "1.1.2"

generator-function@^2.0.0:
  version "2.0.1"

get-assigned-identifiers@^1.2.0:
  version "1.2.0"

get-caller-file@^2.0.5:
  version "2.0.5"

get-intrinsic@^1.2.4, get-intrinsic@^1.2.5, get-intrinsic@^1.3.0:
  version "1.3.1"
  dependencies:
    async-function "^1.0.0"
    async-generator-function "^1.0.0"
    call-bind-apply-helpers "^1.0.2"
    es-define-property "^1.0.1"
    es-errors "^1.3.0"
    es-object-atoms "^1.1.1"
    function-bind "^1.1.2"
    generator-function "^2.0.0"
    get-proto "^1.0.1"
    gopd "^1.2.0"
    has-symbols "^1.1.0"
    hasown "^2.0.2"
    math-intrinsics "^1.1.0"

get-proto@^1.0.1:
  version "1.0.1"
  dependencies:
    dunder-proto "^1.0.1"
    es-object-atoms "^1.0.0"

get-value@^2.0.3, get-value@^2.0.6:
  version "2.0.6"

glob-parent@^3.1.0:
  version "3.1.0"
  dependencies:
    is-glob "^3.1.0"
    path-dirname "^1.0.0"

glob-parent@~5.1.2:
  version "5.1.2"
  dependencies:
    is-glob "^4.0.1"

glob@^7.1.0, glob@^7.1.3, glob@^7.1.7:
  version "7.2.3"
  dependencies:
    fs.realpath "^1.0.0"
    inflight "^1.0.4"
    inherits "2"
    minimatch "^3.1.1"
    once "^1.3.0"
    path-is-absolute "^1.0.0"

globalyzer@0.1.0:
  version "0.1.0"
  resolved "https://registry.npmjs.org/globalyzer/-/globalyzer-0.1.0.tgz"
  integrity sha512-40oNTM9UfG6aBmuKxk/giHn5nQ8RVz/SS4Ir6zgzOv9/qC3kKZ9v4etGTcJbEl/NyVQH7FGU7d+X1egr57Md2Q==

globrex@^0.1.2:
  version "0.1.2"
  resolved "https://registry.npmjs.org/globrex/-/globrex-0.1.2.tgz"
  integrity sha512-uHJgbwAMwNFf5mLst7IWLNg14x1CkeqglJb/K3doi4dw6q2IvAAmM/Y81kevy83wP+Sst+nutFTYOGg3d1lsxg==

gopd@^1.0.1, gopd@^1.2.0:
  version "1.2.0"

graceful-fs@^4.1.11, graceful-fs@^4.1.6, graceful-fs@^4.2.0, graceful-fs@^4.2.6:
  version "4.2.11"

has-property-descriptors@^1.0.0, has-property-descriptors@^1.0.2:
  version "1.0.2"
  dependencies:
    es-define-property "^1.0.0"

has-symbols@^1.0.3, has-symbols@^1.1.0:
  version "1.1.0"

has-tostringtag@^1.0.2:
  version "1.0.2"
  dependencies:
    has-symbols "^1.0.3"

has-value@^0.3.1:
  version "0.3.1"
  dependencies:
    get-value "^2.0.3"
    has-values "^0.1.4"
    isobject "^2.0.0"

has-value@^1.0.0:
  version "1.0.0"
  dependencies:
    get-value "^2.0.6"
    has-values "^1.0.0"
    isobject "^3.0.0"

has-values@^0.1.4:
  version "0.1.4"

has-values@^1.0.0:
  version "1.0.0"
  dependencies:
    is-number "^3.0.0"
    kind-of "^4.0.0"

has@^1.0.0:
  version "1.0.4"

hash-base@^3.0.0, hash-base@^3.1.2:
  version "3.1.2"
  dependencies:
    inherits "^2.0.4"
    readable-stream "^2.3.8"
    safe-buffer "^5.2.1"
    to-buffer "^1.2.1"

hash-base@~3.0.4:
  version "3.0.5"
  dependencies:
    inherits "^2.0.4"
    safe-buffer "^5.2.1"

hash.js@^1.0.0, hash.js@^1.0.3:
  version "1.1.7"
  dependencies:
    inherits "^2.0.3"
    minimalistic-assert "^1.0.1"

hasown@^2.0.0, hasown@^2.0.2:
  version "2.0.2"
  dependencies:
    function-bind "^1.1.2"

hat@^0.0.3:
  version "0.0.3"

hmac-drbg@^1.0.1:
  version "1.0.1"
  dependencies:
    hash.js "^1.0.3"
    minimalistic-assert "^1.0.0"
    minimalistic-crypto-utils "^1.0.1"

htmlescape@^1.1.0:
  version "1.1.1"

http-errors@~2.0.1:
  version "2.0.1"
  dependencies:
    depd "~2.0.0"
    inherits "~2.0.4"
    setprototypeof "~1.2.0"
    statuses "~2.0.2"
    toidentifier "~1.0.1"

http-proxy@^1.18.1:
  version "1.18.1"
  dependencies:
    eventemitter3 "^4.0.0"
    follow-redirects "^1.0.0"
    requires-port "^1.0.0"

https-browserify@^1.0.0:
  version "1.0.0"

iconv-lite@~0.4.24:
  version "0.4.24"
  dependencies:
    safer-buffer ">= 2.1.2 < 3"

ieee754@^1.1.4:
  version "1.2.1"

inflight@^1.0.4:
  version "1.0.6"
  dependencies:
    once "^1.3.0"
    wrappy "1"

inherits@^2.0.1, inherits@^2.0.3, inherits@^2.0.4, inherits@~2.0.1, inherits@~2.0.3, inherits@~2.0.4, inherits@2:
  version "2.0.4"

inherits@2.0.3:
  version "2.0.3"

inline-source-map@~0.6.0:
  version "0.6.3"
  dependencies:
    source-map "~0.5.3"

insert-module-globals@^7.0.0, insert-module-globals@^7.2.1:
  version "7.2.1"
  dependencies:
    acorn-node "^1.5.2"
    combine-source-map "^0.8.0"
    concat-stream "^1.6.1"
    is-buffer "^1.1.0"
    JSONStream "^1.0.3"
    path-is-absolute "^1.0.1"
    process "~0.11.0"
    through2 "^2.0.0"
    undeclared-identifiers "^1.1.2"
    xtend "^4.0.0"

is-accessor-descriptor@^1.0.1:
  version "1.0.1"
  dependencies:
    hasown "^2.0.0"

is-arguments@^1.0.4:
  version "1.2.0"
  dependencies:
    call-bound "^1.0.2"
    has-tostringtag "^1.0.2"

is-binary-path@^1.0.0:
  version "1.0.1"
  dependencies:
    binary-extensions "^1.0.0"

is-binary-path@~2.1.0:
  version "2.1.0"
  dependencies:
    binary-extensions "^2.0.0"

is-buffer@^1.1.0, is-buffer@^1.1.5:
  version "1.1.6"

is-callable@^1.2.7:
  version "1.2.7"

is-core-module@^2.16.1:
  version "2.16.1"
  dependencies:
    hasown "^2.0.2"

is-data-descriptor@^1.0.1:
  version "1.0.1"
  dependencies:
    hasown "^2.0.0"

is-descriptor@^0.1.0:
  version "0.1.7"
  resolved "https://registry.npmjs.org/is-descriptor/-/is-descriptor-0.1.7.tgz"
  integrity sha512-C3grZTvObeN1xud4cRWl366OMXZTj0+HGyk4hvfpx4ZHt1Pb60ANSXqCK7pdOTeUQpRzECBSTphqvD7U+l22Eg==
  dependencies:
    is-accessor-descriptor "^1.0.1"
    is-data-descriptor "^1.0.1"

is-descriptor@^1.0.0, is-descriptor@^1.0.2:
  version "1.0.3"
  dependencies:
    is-accessor-descriptor "^1.0.1"
    is-data-descriptor "^1.0.1"

is-extendable@^0.1.0, is-extendable@^0.1.1:
  version "0.1.1"

is-extendable@^1.0.1:
  version "1.0.1"
  dependencies:
    is-plain-object "^2.0.4"

is-extglob@^2.1.0, is-extglob@^2.1.1:
  version "2.1.1"

is-fullwidth-code-point@^3.0.0:
  version "3.0.0"

is-generator-function@^1.0.7:
  version "1.1.2"
  dependencies:
    call-bound "^1.0.4"
    generator-function "^2.0.0"
    get-proto "^1.0.1"
    has-tostringtag "^1.0.2"
    safe-regex-test "^1.1.0"

is-glob@^3.1.0:
  version "3.1.0"
  dependencies:
    is-extglob "^2.1.0"

is-glob@^4.0.0, is-glob@^4.0.1, is-glob@~4.0.1:
  version "4.0.3"
  dependencies:
    is-extglob "^2.1.1"

is-number@^3.0.0:
  version "3.0.0"
  resolved "https://registry.npmjs.org/is-number/-/is-number-3.0.0.tgz"
  integrity sha512-4cboCqIpliH+mAvFNegjZQ4kgKc3ZUhQVr3HvWbSh5q3WH2v82ct+T2Y1hdU5Gdtorx/cLifQjqCbL7bpznLTg==
  dependencies:
    kind-of "^3.0.2"

is-number@^7.0.0:
  version "7.0.0"

is-plain-object@^2.0.3, is-plain-object@^2.0.4:
  version "2.0.4"
  dependencies:
    isobject "^3.0.1"

is-regex@^1.2.1:
  version "1.2.1"
  dependencies:
    call-bound "^1.0.2"
    gopd "^1.2.0"
    has-tostringtag "^1.0.2"
    hasown "^2.0.2"

is-typed-array@^1.1.14, is-typed-array@^1.1.3:
  version "1.1.15"
  dependencies:
    which-typed-array "^1.1.16"

is-windows@^1.0.2:
  version "1.0.2"

isarray@^2.0.1:
  version "2.0.5"

isarray@^2.0.5:
  version "2.0.5"

isarray@~1.0.0, isarray@1.0.0:
  version "1.0.0"

isbinaryfile@^4.0.8:
  version "4.0.10"

isexe@^2.0.0:
  version "2.0.0"

isobject@^2.0.0:
  version "2.1.0"
  dependencies:
    isarray "1.0.0"

isobject@^3.0.0, isobject@^3.0.1:
  version "3.0.1"

jquery@^2.2.1:
  version "2.2.4"

js-string-escape@^1.0.0:
  version "1.0.1"

json-stable-stringify@~0.0.0:
  version "0.0.1"
  dependencies:
    jsonify "~0.0.0"

jsonfile@^4.0.0:
  version "4.0.0"
  optionalDependencies:
    graceful-fs "^4.1.6"

jsonify@~0.0.0:
  version "0.0.1"

jsonparse@^1.2.0:
  version "1.3.1"

JSONStream@^1.0.3:
  version "1.3.5"
  dependencies:
    jsonparse "^1.2.0"
    through ">=2.2.7 <3"

karma-browserify@^8.1.0:
  version "8.1.0"
  dependencies:
    convert-source-map "^1.8.0"
    hat "^0.0.3"
    js-string-escape "^1.0.0"
    lodash "^4.17.21"
    minimatch "^3.0.0"
    os-shim "^0.1.3"

karma-chrome-launcher@^3.2.0:
  version "3.2.0"
  dependencies:
    which "^1.2.1"

karma-qunit@^4.2.1:
  version "4.2.1"
  resolved "https://registry.npmjs.org/karma-qunit/-/karma-qunit-4.2.1.tgz"
  integrity sha512-bd4TXH8L7i3hYelRo/5OTlyRiMrSyUpgI94pzkASaD/qjlc1j8liuZeroRS4aA5B7AmnCYQILEsKcSfuaQgcPA==

"karma@^4.0.0 || ^5.0.0 || ^6.0.0", karma@^6.4.4, karma@>=4.3.0:
  version "6.4.4"
  dependencies:
    "@colors/colors" "1.5.0"
    body-parser "^1.19.0"
    braces "^3.0.2"
    chokidar "^3.5.1"
    connect "^3.7.0"
    di "^0.0.1"
    dom-serialize "^2.2.1"
    glob "^7.1.7"
    graceful-fs "^4.2.6"
    http-proxy "^1.18.1"
    isbinaryfile "^4.0.8"
    lodash "^4.17.21"
    log4js "^6.4.1"
    mime "^2.5.2"
    minimatch "^3.0.4"
    mkdirp "^0.5.5"
    qjobs "^1.2.0"
    range-parser "^1.2.1"
    rimraf "^3.0.2"
    socket.io "^4.7.2"
    source-map "^0.6.1"
    tmp "^0.2.1"
    ua-parser-js "^0.7.30"
    yargs "^16.1.1"

kind-of@^3.0.2, kind-of@^3.0.3, kind-of@^3.2.0:
  version "3.2.2"
  resolved "https://registry.npmjs.org/kind-of/-/kind-of-3.2.2.tgz"
  integrity sha512-NOW9QQXMoZGg/oqnVNoNTTIFEIid1627WCffUBJEdMxYApq7mNE7CpzucIPc+ZQg25Phej7IJSmX3hO+oblOtQ==
  dependencies:
    is-buffer "^1.1.5"

kind-of@^4.0.0:
  version "4.0.0"
  dependencies:
    is-buffer "^1.1.5"

kind-of@^6.0.2:
  version "6.0.3"

labeled-stream-splicer@^2.0.0:
  version "2.0.2"
  dependencies:
    inherits "^2.0.1"
    stream-splicer "^2.0.0"

lodash.memoize@~3.0.3:
  version "3.0.4"

lodash@^4.17.21:
  version "4.17.21"

log4js@^6.4.1:
  version "6.9.1"
  dependencies:
    date-format "^4.0.14"
    debug "^4.3.4"
    flatted "^3.2.7"
    rfdc "^1.3.0"
    streamroller "^3.1.5"

map-cache@^0.2.2:
  version "0.2.2"

map-visit@^1.0.0:
  version "1.0.0"
  dependencies:
    object-visit "^1.0.0"

math-intrinsics@^1.1.0:
  version "1.1.0"

md5.js@^1.3.4:
  version "1.3.5"
  dependencies:
    hash-base "^3.0.0"
    inherits "^2.0.1"
    safe-buffer "^5.1.2"

media-typer@0.3.0:
  version "0.3.0"

micromatch@^3.1.10, micromatch@^3.1.4:
  version "3.1.10"
  dependencies:
    arr-diff "^4.0.0"
    array-unique "^0.3.2"
    braces "^2.3.1"
    define-property "^2.0.2"
    extend-shallow "^3.0.2"
    extglob "^2.0.4"
    fragment-cache "^0.2.1"
    kind-of "^6.0.2"
    nanomatch "^1.2.9"
    object.pick "^1.3.0"
    regex-not "^1.0.0"
    snapdragon "^0.8.1"
    to-regex "^3.0.2"

miller-rabin@^4.0.0:
  version "4.0.1"
  dependencies:
    bn.js "^4.0.0"
    brorand "^1.0.1"

mime-db@1.52.0:
  version "1.52.0"

mime-types@~2.1.24, mime-types@~2.1.34:
  version "2.1.35"
  dependencies:
    mime-db "1.52.0"

mime@^2.5.2:
  version "2.6.0"

minimalistic-assert@^1.0.0, minimalistic-assert@^1.0.1:
  version "1.0.1"

minimalistic-crypto-utils@^1.0.1:
  version "1.0.1"

minimatch@^3.0.0, minimatch@^3.0.4, minimatch@^3.1.1:
  version "3.1.2"
  dependencies:
    brace-expansion "^1.1.7"

minimist@^1.1.0, minimist@^1.2.6:
  version "1.2.8"

mixin-deep@^1.2.0:
  version "1.3.2"
  dependencies:
    for-in "^1.0.2"
    is-extendable "^1.0.1"

mkdirp-classic@^0.5.2:
  version "0.5.3"

mkdirp@^0.5.5:
  version "0.5.6"
  dependencies:
    minimist "^1.2.6"

module-deps@^6.2.3:
  version "6.2.3"
  dependencies:
    browser-resolve "^2.0.0"
    cached-path-relative "^1.0.2"
    concat-stream "~1.6.0"
    defined "^1.0.0"
    detective "^5.2.0"
    duplexer2 "^0.1.2"
    inherits "^2.0.1"
    JSONStream "^1.0.3"
    parents "^1.0.0"
    readable-stream "^2.0.2"
    resolve "^1.4.0"
    stream-combiner2 "^1.1.1"
    subarg "^1.0.0"
    through2 "^2.0.0"
    xtend "^4.0.0"

ms@^2.1.3:
  version "2.1.3"

ms@2.0.0:
  version "2.0.0"

nanomatch@^1.2.9:
  version "1.2.13"
  dependencies:
    arr-diff "^4.0.0"
    array-unique "^0.3.2"
    define-property "^2.0.2"
    extend-shallow "^3.0.2"
    fragment-cache "^0.2.1"
    is-windows "^1.0.2"
    kind-of "^6.0.2"
    object.pick "^1.3.0"
    regex-not "^1.0.0"
    snapdragon "^0.8.1"
    to-regex "^3.0.1"

negotiator@0.6.3:
  version "0.6.3"

node-watch@0.7.3:
  version "0.7.3"
  resolved "https://registry.npmjs.org/node-watch/-/node-watch-0.7.3.tgz"
  integrity sha512-3l4E8uMPY1HdMMryPRUAl+oIHtXtyiTlIiESNSVSNxcPfzAFzeTbXFQkZfAwBbo0B1qMSG8nUABx+Gd+YrbKrQ==

normalize-path@^2.1.1:
  version "2.1.1"
  dependencies:
    remove-trailing-separator "^1.0.1"

normalize-path@^3.0.0:
  version "3.0.0"

normalize-path@~3.0.0:
  version "3.0.0"

object-assign@^4:
  version "4.1.1"

object-copy@^0.1.0:
  version "0.1.0"
  dependencies:
    copy-descriptor "^0.1.0"
    define-property "^0.2.5"
    kind-of "^3.0.3"

object-inspect@^1.13.3:
  version "1.13.4"

object-keys@^1.1.1:
  version "1.1.1"

object-visit@^1.0.0:
  version "1.0.1"
  dependencies:
    isobject "^3.0.0"

object.assign@^4.1.4:
  version "4.1.7"
  dependencies:
    call-bind "^1.0.8"
    call-bound "^1.0.3"
    define-properties "^1.2.1"
    es-object-atoms "^1.0.0"
    has-symbols "^1.1.0"
    object-keys "^1.1.1"

object.pick@^1.3.0:
  version "1.3.0"
  dependencies:
    isobject "^3.0.1"

on-finished@~2.3.0:
  version "2.3.0"
  dependencies:
    ee-first "1.1.1"

on-finished@~2.4.1:
  version "2.4.1"
  dependencies:
    ee-first "1.1.1"

once@^1.3.0:
  version "1.4.0"
  dependencies:
    wrappy "1"

os-browserify@~0.3.0:
  version "0.3.0"

os-shim@^0.1.3:
  version "0.1.3"

outpipe@^1.1.0:
  version "1.1.1"
  dependencies:
    shell-quote "^1.4.2"

pako@~1.0.5:
  version "1.0.11"

parents@^1.0.0, parents@^1.0.1:
  version "1.0.1"
  dependencies:
    path-platform "~0.11.15"

parse-asn1@^5.0.0, parse-asn1@^5.1.9:
  version "5.1.9"
  dependencies:
    asn1.js "^4.10.1"
    browserify-aes "^1.2.0"
    evp_bytestokey "^1.0.3"
    pbkdf2 "^3.1.5"
    safe-buffer "^5.2.1"

parseurl@~1.3.3:
  version "1.3.3"

pascalcase@^0.1.1:
  version "0.1.1"

path-browserify@^1.0.0:
  version "1.0.1"

path-browserify@~0.0.0:
  version "0.0.1"

path-dirname@^1.0.0:
  version "1.0.2"

path-is-absolute@^1.0.0, path-is-absolute@^1.0.1:
  version "1.0.1"

path-parse@^1.0.7:
  version "1.0.7"

path-platform@~0.11.15:
  version "0.11.15"

pbkdf2@^3.1.2, pbkdf2@^3.1.5:
  version "3.1.5"
  dependencies:
    create-hash "^1.2.0"
    create-hmac "^1.1.7"
    ripemd160 "^2.0.3"
    safe-buffer "^5.2.1"
    sha.js "^2.4.12"
    to-buffer "^1.2.1"

picomatch@^2.0.4, picomatch@^2.2.1:
  version "2.3.1"

posix-character-classes@^0.1.0:
  version "0.1.1"

possible-typed-array-names@^1.0.0:
  version "1.1.0"

process-nextick-args@~2.0.0:
  version "2.0.1"

process@~0.11.0:
  version "0.11.10"

public-encrypt@^4.0.3:
  version "4.0.3"
  dependencies:
    bn.js "^4.1.0"
    browserify-rsa "^4.0.0"
    create-hash "^1.1.0"
    parse-asn1 "^5.0.0"
    randombytes "^2.0.1"
    safe-buffer "^5.1.2"

punycode@^1.3.2, punycode@^1.4.1:
  version "1.4.1"

qjobs@^1.2.0:
  version "1.2.0"

qs@^6.12.3, qs@~6.14.0:
  version "6.14.0"
  dependencies:
    side-channel "^1.1.0"

querystring-es3@~0.2.0:
  version "0.2.1"

qunit@^2.20.0, qunit@>=2.1.1:
  version "2.24.3"
  resolved "https://registry.npmjs.org/qunit/-/qunit-2.24.3.tgz"
  integrity sha512-JTHwSfHf2Cw8TqusZo2tT4F9d+XA/pp/veoxUDiPNHtB1Wc1VPctiHHIv6HA3vrXNOBu9LSzFM7YU2OV9Gz4vQ==
  dependencies:
    commander "7.2.0"
    node-watch "0.7.3"
    tiny-glob "0.2.9"

qunitjs@^1.22.0:
  version "1.23.1"

randombytes@^2.0.0, randombytes@^2.0.1, randombytes@^2.0.5, randombytes@^2.1.0:
  version "2.1.0"
  dependencies:
    safe-buffer "^5.1.0"

randomfill@^1.0.4:
  version "1.0.4"
  dependencies:
    randombytes "^2.0.5"
    safe-buffer "^5.1.0"

range-parser@^1.2.1:
  version "1.2.1"

raw-body@~2.5.3:
  version "2.5.3"
  dependencies:
    bytes "~3.1.2"
    http-errors "~2.0.1"
    iconv-lite "~0.4.24"
    unpipe "~1.0.0"

read-only-stream@^2.0.0:
  version "2.0.0"
  dependencies:
    readable-stream "^2.0.2"

readable-stream@^2.0.2, readable-stream@^2.2.2, readable-stream@^2.3.8, readable-stream@~2.3.6:
  version "2.3.8"
  dependencies:
    core-util-is "~1.0.0"
    inherits "~2.0.3"
    isarray "~1.0.0"
    process-nextick-args "~2.0.0"
    safe-buffer "~5.1.1"
    string_decoder "~1.1.1"
    util-deprecate "~1.0.1"

readable-stream@^3.5.0:
  version "3.6.2"
  dependencies:
    inherits "^2.0.3"
    string_decoder "^1.1.1"
    util-deprecate "^1.0.1"

readable-stream@^3.6.0:
  version "3.6.2"
  dependencies:
    inherits "^2.0.3"
    string_decoder "^1.1.1"
    util-deprecate "^1.0.1"

readdirp@^2.2.1:
  version "2.2.1"
  dependencies:
    graceful-fs "^4.1.11"
    micromatch "^3.1.10"
    readable-stream "^2.0.2"

readdirp@~3.6.0:
  version "3.6.0"
  dependencies:
    picomatch "^2.2.1"

regex-not@^1.0.0, regex-not@^1.0.2:
  version "1.0.2"
  dependencies:
    extend-shallow "^3.0.2"
    safe-regex "^1.1.0"

remove-trailing-separator@^1.0.1:
  version "1.1.0"

repeat-element@^1.1.2:
  version "1.1.4"

repeat-string@^1.6.1:
  version "1.6.1"

require-directory@^2.1.1:
  version "2.1.1"

requires-port@^1.0.0:
  version "1.0.0"

resolve-url@^0.2.1:
  version "0.2.1"

resolve@^1.1.4, resolve@^1.17.0, resolve@^1.4.0:
  version "1.22.11"
  dependencies:
    is-core-module "^2.16.1"
    path-parse "^1.0.7"
    supports-preserve-symlinks-flag "^1.0.0"

ret@~0.1.10:
  version "0.1.15"

rfdc@^1.3.0:
  version "1.4.1"

rimraf@^3.0.2:
  version "3.0.2"
  dependencies:
    glob "^7.1.3"

ripemd160@^2.0.0, ripemd160@^2.0.1, ripemd160@^2.0.3:
  version "2.0.3"
  dependencies:
    hash-base "^3.1.2"
    inherits "^2.0.4"

safe-buffer@^5.0.1, safe-buffer@^5.1.0, safe-buffer@^5.1.1, safe-buffer@^5.1.2, safe-buffer@^5.2.1, safe-buffer@~5.2.0:
  version "5.2.1"

safe-buffer@~5.1.0, safe-buffer@~5.1.1:
  version "5.1.2"

safe-regex-test@^1.1.0:
  version "1.1.0"
  dependencies:
    call-bound "^1.0.2"
    es-errors "^1.3.0"
    is-regex "^1.2.1"

safe-regex@^1.1.0:
  version "1.1.0"
  dependencies:
    ret "~0.1.10"

"safer-buffer@>= 2.1.2 < 3":
  version "2.1.2"

semver@^5.1.0:
  version "5.7.2"

set-function-length@^1.2.2:
  version "1.2.2"
  dependencies:
    define-data-property "^1.1.4"
    es-errors "^1.3.0"
    function-bind "^1.1.2"
    get-intrinsic "^1.2.4"
    gopd "^1.0.1"
    has-property-descriptors "^1.0.2"

set-value@^2.0.0, set-value@^2.0.1:
  version "2.0.1"
  dependencies:
    extend-shallow "^2.0.1"
    is-extendable "^0.1.1"
    is-plain-object "^2.0.3"
    split-string "^3.0.1"

setprototypeof@~1.2.0:
  version "1.2.0"

sha.js@^2.4.0, sha.js@^2.4.12, sha.js@^2.4.8, sha.js@~2.4.4:
  version "2.4.12"
  dependencies:
    inherits "^2.0.4"
    safe-buffer "^5.2.1"
    to-buffer "^1.2.0"

shasum-object@^1.0.0:
  version "1.0.1"
  dependencies:
    fast-safe-stringify "^2.0.7"

shasum@^1.0.0:
  version "1.0.2"
  dependencies:
    json-stable-stringify "~0.0.0"
    sha.js "~2.4.4"

shell-quote@^1.4.2, shell-quote@^1.6.1:
  version "1.8.3"

side-channel-list@^1.0.0:
  version "1.0.0"
  dependencies:
    es-errors "^1.3.0"
    object-inspect "^1.13.3"

side-channel-map@^1.0.1:
  version "1.0.1"
  dependencies:
    call-bound "^1.0.2"
    es-errors "^1.3.0"
    get-intrinsic "^1.2.5"
    object-inspect "^1.13.3"

side-channel-weakmap@^1.0.2:
  version "1.0.2"
  dependencies:
    call-bound "^1.0.2"
    es-errors "^1.3.0"
    get-intrinsic "^1.2.5"
    object-inspect "^1.13.3"
    side-channel-map "^1.0.1"

side-channel@^1.1.0:
  version "1.1.0"
  dependencies:
    es-errors "^1.3.0"
    object-inspect "^1.13.3"
    side-channel-list "^1.0.0"
    side-channel-map "^1.0.1"
    side-channel-weakmap "^1.0.2"

simple-concat@^1.0.0:
  version "1.0.1"

snapdragon-node@^2.0.1:
  version "2.1.1"
  dependencies:
    define-property "^1.0.0"
    isobject "^3.0.0"
    snapdragon-util "^3.0.1"

snapdragon-util@^3.0.1:
  version "3.0.1"
  dependencies:
    kind-of "^3.2.0"

snapdragon@^0.8.1:
  version "0.8.2"
  dependencies:
    base "^0.11.1"
    debug "^2.2.0"
    define-property "^0.2.5"
    extend-shallow "^2.0.1"
    map-cache "^0.2.2"
    source-map "^0.5.6"
    source-map-resolve "^0.5.0"
    use "^3.1.0"

socket.io-adapter@~2.5.2:
  version "2.5.5"
  dependencies:
    debug "~4.3.4"
    ws "~8.17.1"

socket.io-parser@~4.2.4:
  version "4.2.4"
  dependencies:
    "@socket.io/component-emitter" "~3.1.0"
    debug "~4.3.1"

socket.io@^4.7.2:
  version "4.8.1"
  dependencies:
    accepts "~1.3.4"
    base64id "~2.0.0"
    cors "~2.8.5"
    debug "~4.3.2"
    engine.io "~6.6.0"
    socket.io-adapter "~2.5.2"
    socket.io-parser "~4.2.4"

source-map-resolve@^0.5.0:
  version "0.5.3"
  dependencies:
    atob "^2.1.2"
    decode-uri-component "^0.2.0"
    resolve-url "^0.2.1"
    source-map-url "^0.4.0"
    urix "^0.1.0"

source-map-url@^0.4.0:
  version "0.4.1"

source-map@^0.5.6, source-map@~0.5.3:
  version "0.5.7"

source-map@^0.6.1:
  version "0.6.1"

split-string@^3.0.1, split-string@^3.0.2:
  version "3.1.0"
  dependencies:
    extend-shallow "^3.0.0"

static-extend@^0.1.1:
  version "0.1.2"
  dependencies:
    define-property "^0.2.5"
    object-copy "^0.1.0"

statuses@~1.5.0:
  version "1.5.0"

statuses@~2.0.2:
  version "2.0.2"

stream-browserify@^2.0.0:
  version "2.0.2"
  dependencies:
    inherits "~2.0.1"
    readable-stream "^2.0.2"

stream-browserify@^3.0.0:
  version "3.0.0"
  dependencies:
    inherits "~2.0.4"
    readable-stream "^3.5.0"

stream-combiner2@^1.1.1:
  version "1.1.1"
  dependencies:
    duplexer2 "~0.1.0"
    readable-stream "^2.0.2"

stream-http@^3.0.0:
  version "3.2.0"
  dependencies:
    builtin-status-codes "^3.0.0"
    inherits "^2.0.4"
    readable-stream "^3.6.0"
    xtend "^4.0.2"

stream-splicer@^2.0.0:
  version "2.0.1"
  dependencies:
    inherits "^2.0.1"
    readable-stream "^2.0.2"

streamroller@^3.1.5:
  version "3.1.5"
  dependencies:
    date-format "^4.0.14"
    debug "^4.3.4"
    fs-extra "^8.1.0"

string_decoder@^1.1.1:
  version "1.3.0"
  dependencies:
    safe-buffer "~5.2.0"

string_decoder@~1.1.1:
  version "1.1.1"
  dependencies:
    safe-buffer "~5.1.0"

string-width@^4.1.0, string-width@^4.2.0:
  version "4.2.3"
  dependencies:
    emoji-regex "^8.0.0"
    is-fullwidth-code-point "^3.0.0"
    strip-ansi "^6.0.1"

strip-ansi@^6.0.0, strip-ansi@^6.0.1:
  version "6.0.1"
  dependencies:
    ansi-regex "^5.0.1"

subarg@^1.0.0:
  version "1.0.0"
  dependencies:
    minimist "^1.1.0"

supports-preserve-symlinks-flag@^1.0.0:
  version "1.0.0"

syntax-error@^1.1.1:
  version "1.4.0"
  dependencies:
    acorn-node "^1.2.0"

through@^2.3.7, "through@>=2.2.7 <3":
  version "2.3.8"

through2@^2.0.0:
  version "2.0.5"
  dependencies:
    readable-stream "~2.3.6"
    xtend "~4.0.1"

timers-browserify@^1.0.1:
  version "1.4.2"
  dependencies:
    process "~0.11.0"

tiny-glob@0.2.9:
  version "0.2.9"
  resolved "https://registry.npmjs.org/tiny-glob/-/tiny-glob-0.2.9.tgz"
  integrity sha512-g/55ssRPUjShh+xkfx9UPDXqhckHEsHr4Vd9zX55oSdGZc/MD0m3sferOkwWtp98bv+kcVfEHtRJgBVJzelrzg==
  dependencies:
    globalyzer "0.1.0"
    globrex "^0.1.2"

tmp@^0.2.1:
  version "0.2.5"

to-buffer@^1.2.0, to-buffer@^1.2.1, to-buffer@^1.2.2:
  version "1.2.2"
  dependencies:
    isarray "^2.0.5"
    safe-buffer "^5.2.1"
    typed-array-buffer "^1.0.3"

to-object-path@^0.3.0:
  version "0.3.0"
  dependencies:
    kind-of "^3.0.2"

to-regex-range@^2.1.0:
  version "2.1.1"
  dependencies:
    is-number "^3.0.0"
    repeat-string "^1.6.1"

to-regex-range@^5.0.1:
  version "5.0.1"
  dependencies:
    is-number "^7.0.0"

to-regex@^3.0.1, to-regex@^3.0.2:
  version "3.0.2"
  dependencies:
    define-property "^2.0.2"
    extend-shallow "^3.0.2"
    regex-not "^1.0.2"
    safe-regex "^1.1.0"

toidentifier@~1.0.1:
  version "1.0.1"

tty-browserify@0.0.1:
  version "0.0.1"

type-is@~1.6.18:
  version "1.6.18"
  dependencies:
    media-typer "0.3.0"
    mime-types "~2.1.24"

typed-array-buffer@^1.0.3:
  version "1.0.3"
  dependencies:
    call-bound "^1.0.3"
    es-errors "^1.3.0"
    is-typed-array "^1.1.14"

typedarray@^0.0.6:
  version "0.0.6"

ua-parser-js@^0.7.30:
  version "0.7.41"

umd@^3.0.0:
  version "3.0.3"

undeclared-identifiers@^1.1.2:
  version "1.1.3"
  dependencies:
    acorn-node "^1.3.0"
    dash-ast "^1.0.0"
    get-assigned-identifiers "^1.2.0"
    simple-concat "^1.0.0"
    xtend "^4.0.1"

underscore@>=1.7.0, underscore@>=1.8.3:
  version "1.13.7"

undici-types@~7.16.0:
  version "7.16.0"

union-value@^1.0.0:
  version "1.0.1"
  dependencies:
    arr-union "^3.1.0"
    get-value "^2.0.6"
    is-extendable "^0.1.1"
    set-value "^2.0.1"

universalify@^0.1.0:
  version "0.1.2"

unpipe@~1.0.0:
  version "1.0.0"

unset-value@^1.0.0:
  version "1.0.0"
  dependencies:
    has-value "^0.3.1"
    isobject "^3.0.0"

upath@^1.1.1:
  version "1.2.0"

urix@^0.1.0:
  version "0.1.0"

url@~0.11.0:
  version "0.11.4"
  dependencies:
    punycode "^1.4.1"
    qs "^6.12.3"

use@^3.1.0:
  version "3.1.1"

util-deprecate@^1.0.1, util-deprecate@~1.0.1:
  version "1.0.2"

util@^0.10.4, util@~0.10.1:
  version "0.10.4"
  dependencies:
    inherits "2.0.3"

util@~0.12.0:
  version "0.12.5"
  dependencies:
    inherits "^2.0.3"
    is-arguments "^1.0.4"
    is-generator-function "^1.0.7"
    is-typed-array "^1.1.3"
    which-typed-array "^1.1.2"

utils-merge@1.0.1:
  version "1.0.1"

vary@^1:
  version "1.1.2"

vm-browserify@^1.0.0:
  version "1.1.2"

void-elements@^2.0.0:
  version "2.0.1"

watchify@^3.7.0, "watchify@>=3 <5":
  version "3.11.1"
  dependencies:
    anymatch "^2.0.0"
    browserify "^16.1.0"
    chokidar "^2.1.1"
    defined "^1.0.0"
    outpipe "^1.1.0"
    through2 "^2.0.0"
    xtend "^4.0.0"

which-typed-array@^1.1.16, which-typed-array@^1.1.2:
  version "1.1.19"
  dependencies:
    available-typed-arrays "^1.0.7"
    call-bind "^1.0.8"
    call-bound "^1.0.4"
    for-each "^0.3.5"
    get-proto "^1.0.1"
    gopd "^1.2.0"
    has-tostringtag "^1.0.2"

which@^1.2.1:
  version "1.3.1"
  dependencies:
    isexe "^2.0.0"

wrap-ansi@^7.0.0:
  version "7.0.0"
  dependencies:
    ansi-styles "^4.0.0"
    string-width "^4.1.0"
    strip-ansi "^6.0.0"

wrappy@1:
  version "1.0.2"

ws@~8.17.1:
  version "8.17.1"

xtend@^4.0.0, xtend@^4.0.1, xtend@^4.0.2, xtend@~4.0.1:
  version "4.0.2"

y18n@^5.0.5:
  version "5.0.8"

yargs-parser@^20.2.2:
  version "20.2.9"

yargs@^16.1.1:
  version "16.2.0"
  dependencies:
    cliui "^7.0.2"
    escalade "^3.1.1"
    get-caller-file "^2.0.5"
    require-directory "^2.1.1"
    string-width "^4.2.0"
    y18n "^5.0.5"
    yargs-parser "^20.2.2"
